
Microsoft Visual Studio Solution File, Format Version 12.00
# Visual Studio Version 17
VisualStudioVersion = 17.7.34202.233
MinimumVisualStudioVersion = 10.0.40219.1
Project("{FAE04EC0-301F-11D3-BF4B-00C04F79EFBC}") = "QuartzService", "QuartzService\QuartzService.csproj", "{5D0B58EC-FB20-4702-BF78-D65A705BA90D}"
EndProject
Global
	GlobalSection(SolutionConfigurationPlatforms) = preSolution
		Debug|Any CPU = Debug|Any CPU
		Release|Any CPU = Release|Any CPU
	EndGlobalSection
	GlobalSection(ProjectConfigurationPlatforms) = postSolution
		{5D0B58EC-FB20-4702-BF78-D65A705BA90D}.Debug|Any CPU.ActiveCfg = Debug|Any CPU
		{5D0B58EC-FB20-4702-BF78-D65A705BA90D}.Debug|Any CPU.Build.0 = Debug|Any CPU
		{5D0B58EC-FB20-4702-BF78-D65A705BA90D}.Release|Any CPU.ActiveCfg = Release|Any CPU
		{5D0B58EC-FB20-4702-BF78-D65A705BA90D}.Release|Any CPU.Build.0 = Release|Any CPU
	EndGlobalSection
	GlobalSection(SolutionProperties) = preSolution
		HideSolutionNode = FALSE
	EndGlobalSection
	GlobalSection(ExtensibilityGlobals) = postSolution
		SolutionGuid = {AAF98C34-B68B-48B3-BF60-26A5B5E416D0}
	EndGlobalSection
EndGlobal
